
Microsoft Visual Studio Solution File, Format Version 12.00
# Visual Studio Version 16
VisualStudioVersion = 16.0.31702.278
MinimumVisualStudioVersion = 10.0.40219.1
Project("{8BC9CEB8-8B4A-11D0-8D11-00A0C91BC942}") = "task_1", "task_1\task_1.vcxproj", "{59670DA7-A9F3-4AD4-96EA-1659558782A3}"
EndProject
Project("{8BC9CEB8-8B4A-11D0-8D11-00A0C91BC942}") = "task_2", "task_2\task_2.vcxproj", "{81FF9CDD-04F7-4D06-9DA1-0039CA2FCC07}"
EndProject
Project("{8BC9CEB8-8B4A-11D0-8D11-00A0C91BC942}") = "task_3", "task_3\task_3.vcxproj", "{8020F723-7430-4D80-A9CD-C4133D4D7F62}"
EndProject
Project("{8BC9CEB8-8B4A-11D0-8D11-00A0C91BC942}") = "task_4", "task_4\task_4.vcxproj", "{A544B4DA-D5AF-41C3-8871-55E4D1E6522B}"
EndProject
Project("{8BC9CEB8-8B4A-11D0-8D11-00A0C91BC942}") = "task_5", "task_5\task_5.vcxproj", "{D378F982-7EC0-42C2-AD5E-F3355A8B57C0}"
EndProject
Project("{8BC9CEB8-8B4A-11D0-8D11-00A0C91BC942}") = "task_6", "task_6\task_6.vcxproj", "{1F83765A-DD31-4D90-973E-C7755B2D3581}"
EndProject
Project("{8BC9CEB8-8B4A-11D0-8D11-00A0C91BC942}") = "task_7", "task_7\task_7.vcxproj", "{97586E86-365F-42AF-8925-707890848EF2}"
EndProject
Project("{8BC9CEB8-8B4A-11D0-8D11-00A0C91BC942}") = "task_8", "task_8\task_8.vcxproj", "{6E20EE29-C3F5-443E-83AC-8EADA01D5282}"
EndProject
Project("{8BC9CEB8-8B4A-11D0-8D11-00A0C91BC942}") = "task_9", "task_9\task_9.vcxproj", "{9B681962-0CEC-4D1E-8650-0A863CA021E6}"
EndProject
Project("{8BC9CEB8-8B4A-11D0-8D11-00A0C91BC942}") = "task_10", "task_10\task_10.vcxproj", "{10277226-DA78-430A-8CC5-FC304893F303}"
EndProject
Project("{8BC9CEB8-8B4A-11D0-8D11-00A0C91BC942}") = "task_11", "task_11\task_11.vcxproj", "{B6CBF3B8-A827-4A27-9254-130FA27B8152}"
EndProject
Project("{8BC9CEB8-8B4A-11D0-8D11-00A0C91BC942}") = "task_12", "task_12\task_12.vcxproj", "{931D20AD-26A3-499B-811E-13470A51C9BC}"
EndProject
Project("{8BC9CEB8-8B4A-11D0-8D11-00A0C91BC942}") = "task_13", "task_13\task_13.vcxproj", "{4EA69DE3-82F9-4613-859D-5AE1463C4D8A}"
EndProject
Project("{8BC9CEB8-8B4A-11D0-8D11-00A0C91BC942}") = "task_14", "task_14\task_14.vcxproj", "{86408346-500C-43A6-9DEA-A5CA1B41C038}"
EndProject
Project("{8BC9CEB8-8B4A-11D0-8D11-00A0C91BC942}") = "task_15", "task_15\task_15.vcxproj", "{80CDAAC0-8ED2-4DA9-89FC-446BCBFB68D2}"
EndProject
Project("{8BC9CEB8-8B4A-11D0-8D11-00A0C91BC942}") = "task_16", "task_16\task_16.vcxproj", "{20E82EE2-1BCD-4BF3-90E8-ED76E09121E1}"
EndProject
Project("{8BC9CEB8-8B4A-11D0-8D11-00A0C91BC942}") = "task_17", "task_17\task_17.vcxproj", "{B2C6BE5C-446B-481F-B3F2-D1A0818A7321}"
EndProject
Global
	GlobalSection(SolutionConfigurationPlatforms) = preSolution
		Debug|x64 = Debug|x64
		Debug|x86 = Debug|x86
		Release|x64 = Release|x64
		Release|x86 = Release|x86
	EndGlobalSection
	GlobalSection(ProjectConfigurationPlatforms) = postSolution
		{59670DA7-A9F3-4AD4-96EA-1659558782A3}.Debug|x64.ActiveCfg = Debug|x64
		{59670DA7-A9F3-4AD4-96EA-1659558782A3}.Debug|x64.Build.0 = Debug|x64
		{59670DA7-A9F3-4AD4-96EA-1659558782A3}.Debug|x86.ActiveCfg = Debug|Win32
		{59670DA7-A9F3-4AD4-96EA-1659558782A3}.Debug|x86.Build.0 = Debug|Win32
		{59670DA7-A9F3-4AD4-96EA-1659558782A3}.Release|x64.ActiveCfg = Release|x64
		{59670DA7-A9F3-4AD4-96EA-1659558782A3}.Release|x64.Build.0 = Release|x64
		{59670DA7-A9F3-4AD4-96EA-1659558782A3}.Release|x86.ActiveCfg = Release|Win32
		{59670DA7-A9F3-4AD4-96EA-1659558782A3}.Release|x86.Build.0 = Release|Win32
		{81FF9CDD-04F7-4D06-9DA1-0039CA2FCC07}.Debug|x64.ActiveCfg = Debug|x64
		{81FF9CDD-04F7-4D06-9DA1-0039CA2FCC07}.Debug|x64.Build.0 = Debug|x64
		{81FF9CDD-04F7-4D06-9DA1-0039CA2FCC07}.Debug|x86.ActiveCfg = Debug|Win32
		{81FF9CDD-04F7-4D06-9DA1-0039CA2FCC07}.Debug|x86.Build.0 = Debug|Win32
		{81FF9CDD-04F7-4D06-9DA1-0039CA2FCC07}.Release|x64.ActiveCfg = Release|x64
		{81FF9CDD-04F7-4D06-9DA1-0039CA2FCC07}.Release|x64.Build.0 = Release|x64
		{81FF9CDD-04F7-4D06-9DA1-0039CA2FCC07}.Release|x86.ActiveCfg = Release|Win32
		{81FF9CDD-04F7-4D06-9DA1-0039CA2FCC07}.Release|x86.Build.0 = Release|Win32
		{8020F723-7430-4D80-A9CD-C4133D4D7F62}.Debug|x64.ActiveCfg = Debug|x64
		{8020F723-7430-4D80-A9CD-C4133D4D7F62}.Debug|x64.Build.0 = Debug|x64
		{8020F723-7430-4D80-A9CD-C4133D4D7F62}.Debug|x86.ActiveCfg = Debug|Win32
		{8020F723-7430-4D80-A9CD-C4133D4D7F62}.Debug|x86.Build.0 = Debug|Win32
		{8020F723-7430-4D80-A9CD-C4133D4D7F62}.Release|x64.ActiveCfg = Release|x64
		{8020F723-7430-4D80-A9CD-C4133D4D7F62}.Release|x64.Build.0 = Release|x64
		{8020F723-7430-4D80-A9CD-C4133D4D7F62}.Release|x86.ActiveCfg = Release|Win32
		{8020F723-7430-4D80-A9CD-C4133D4D7F62}.Release|x86.Build.0 = Release|Win32
		{A544B4DA-D5AF-41C3-8871-55E4D1E6522B}.Debug|x64.ActiveCfg = Debug|x64
		{A544B4DA-D5AF-41C3-8871-55E4D1E6522B}.Debug|x64.Build.0 = Debug|x64
		{A544B4DA-D5AF-41C3-8871-55E4D1E6522B}.Debug|x86.ActiveCfg = Debug|Win32
		{A544B4DA-D5AF-41C3-8871-55E4D1E6522B}.Debug|x86.Build.0 = Debug|Win32
		{A544B4DA-D5AF-41C3-8871-55E4D1E6522B}.Release|x64.ActiveCfg = Release|x64
		{A544B4DA-D5AF-41C3-8871-55E4D1E6522B}.Release|x64.Build.0 = Release|x64
		{A544B4DA-D5AF-41C3-8871-55E4D1E6522B}.Release|x86.ActiveCfg = Release|Win32
		{A544B4DA-D5AF-41C3-8871-55E4D1E6522B}.Release|x86.Build.0 = Release|Win32
		{D378F982-7EC0-42C2-AD5E-F3355A8B57C0}.Debug|x64.ActiveCfg = Debug|x64
		{D378F982-7EC0-42C2-AD5E-F3355A8B57C0}.Debug|x64.Build.0 = Debug|x64
		{D378F982-7EC0-42C2-AD5E-F3355A8B57C0}.Debug|x86.ActiveCfg = Debug|Win32
		{D378F982-7EC0-42C2-AD5E-F3355A8B57C0}.Debug|x86.Build.0 = Debug|Win32
		{D378F982-7EC0-42C2-AD5E-F3355A8B57C0}.Release|x64.ActiveCfg = Release|x64
		{D378F982-7EC0-42C2-AD5E-F3355A8B57C0}.Release|x64.Build.0 = Release|x64
		{D378F982-7EC0-42C2-AD5E-F3355A8B57C0}.Release|x86.ActiveCfg = Release|Win32
		{D378F982-7EC0-42C2-AD5E-F3355A8B57C0}.Release|x86.Build.0 = Release|Win32
		{1F83765A-DD31-4D90-973E-C7755B2D3581}.Debug|x64.ActiveCfg = Debug|x64
		{1F83765A-DD31-4D90-973E-C7755B2D3581}.Debug|x64.Build.0 = Debug|x64
		{1F83765A-DD31-4D90-973E-C7755B2D3581}.Debug|x86.ActiveCfg = Debug|Win32
		{1F83765A-DD31-4D90-973E-C7755B2D3581}.Debug|x86.Build.0 = Debug|Win32
		{1F83765A-DD31-4D90-973E-C7755B2D3581}.Release|x64.ActiveCfg = Release|x64
		{1F83765A-DD31-4D90-973E-C7755B2D3581}.Release|x64.Build.0 = Release|x64
		{1F83765A-DD31-4D90-973E-C7755B2D3581}.Release|x86.ActiveCfg = Release|Win32
		{1F83765A-DD31-4D90-973E-C7755B2D3581}.Release|x86.Build.0 = Release|Win32
		{97586E86-365F-42AF-8925-707890848EF2}.Debug|x64.ActiveCfg = Debug|x64
		{97586E86-365F-42AF-8925-707890848EF2}.Debug|x64.Build.0 = Debug|x64
		{97586E86-365F-42AF-8925-707890848EF2}.Debug|x86.ActiveCfg = Debug|Win32
		{97586E86-365F-42AF-8925-707890848EF2}.Debug|x86.Build.0 = Debug|Win32
		{97586E86-365F-42AF-8925-707890848EF2}.Release|x64.ActiveCfg = Release|x64
		{97586E86-365F-42AF-8925-707890848EF2}.Release|x64.Build.0 = Release|x64
		{97586E86-365F-42AF-8925-707890848EF2}.Release|x86.ActiveCfg = Release|Win32
		{97586E86-365F-42AF-8925-707890848EF2}.Release|x86.Build.0 = Release|Win32
		{6E20EE29-C3F5-443E-83AC-8EADA01D5282}.Debug|x64.ActiveCfg = Debug|x64
		{6E20EE29-C3F5-443E-83AC-8EADA01D5282}.Debug|x64.Build.0 = Debug|x64
		{6E20EE29-C3F5-443E-83AC-8EADA01D5282}.Debug|x86.ActiveCfg = Debug|Win32
		{6E20EE29-C3F5-443E-83AC-8EADA01D5282}.Debug|x86.Build.0 = Debug|Win32
		{6E20EE29-C3F5-443E-83AC-8EADA01D5282}.Release|x64.ActiveCfg = Release|x64
		{6E20EE29-C3F5-443E-83AC-8EADA01D5282}.Release|x64.Build.0 = Release|x64
		{6E20EE29-C3F5-443E-83AC-8EADA01D5282}.Release|x86.ActiveCfg = Release|Win32
		{6E20EE29-C3F5-443E-83AC-8EADA01D5282}.Release|x86.Build.0 = Release|Win32
		{9B681962-0CEC-4D1E-8650-0A863CA021E6}.Debug|x64.ActiveCfg = Debug|x64
		{9B681962-0CEC-4D1E-8650-0A863CA021E6}.Debug|x64.Build.0 = Debug|x64
		{9B681962-0CEC-4D1E-8650-0A863CA021E6}.Debug|x86.ActiveCfg = Debug|Win32
		{9B681962-0CEC-4D1E-8650-0A863CA021E6}.Debug|x86.Build.0 = Debug|Win32
		{9B681962-0CEC-4D1E-8650-0A863CA021E6}.Release|x64.ActiveCfg = Release|x64
		{9B681962-0CEC-4D1E-8650-0A863CA021E6}.Release|x64.Build.0 = Release|x64
		{9B681962-0CEC-4D1E-8650-0A863CA021E6}.Release|x86.ActiveCfg = Release|Win32
		{9B681962-0CEC-4D1E-8650-0A863CA021E6}.Release|x86.Build.0 = Release|Win32
		{10277226-DA78-430A-8CC5-FC304893F303}.Debug|x64.ActiveCfg = Debug|x64
		{10277226-DA78-430A-8CC5-FC304893F303}.Debug|x64.Build.0 = Debug|x64
		{10277226-DA78-430A-8CC5-FC304893F303}.Debug|x86.ActiveCfg = Debug|Win32
		{10277226-DA78-430A-8CC5-FC304893F303}.Debug|x86.Build.0 = Debug|Win32
		{10277226-DA78-430A-8CC5-FC304893F303}.Release|x64.ActiveCfg = Release|x64
		{10277226-DA78-430A-8CC5-FC304893F303}.Release|x64.Build.0 = Release|x64
		{10277226-DA78-430A-8CC5-FC304893F303}.Release|x86.ActiveCfg = Release|Win32
		{10277226-DA78-430A-8CC5-FC304893F303}.Release|x86.Build.0 = Release|Win32
		{B6CBF3B8-A827-4A27-9254-130FA27B8152}.Debug|x64.ActiveCfg = Debug|x64
		{B6CBF3B8-A827-4A27-9254-130FA27B8152}.Debug|x64.Build.0 = Debug|x64
		{B6CBF3B8-A827-4A27-9254-130FA27B8152}.Debug|x86.ActiveCfg = Debug|Win32
		{B6CBF3B8-A827-4A27-9254-130FA27B8152}.Debug|x86.Build.0 = Debug|Win32
		{B6CBF3B8-A827-4A27-9254-130FA27B8152}.Release|x64.ActiveCfg = Release|x64
		{B6CBF3B8-A827-4A27-9254-130FA27B8152}.Release|x64.Build.0 = Release|x64
		{B6CBF3B8-A827-4A27-9254-130FA27B8152}.Release|x86.ActiveCfg = Release|Win32
		{B6CBF3B8-A827-4A27-9254-130FA27B8152}.Release|x86.Build.0 = Release|Win32
		{931D20AD-26A3-499B-811E-13470A51C9BC}.Debug|x64.ActiveCfg = Debug|x64
		{931D20AD-26A3-499B-811E-13470A51C9BC}.Debug|x64.Build.0 = Debug|x64
		{931D20AD-26A3-499B-811E-13470A51C9BC}.Debug|x86.ActiveCfg = Debug|Win32
		{931D20AD-26A3-499B-811E-13470A51C9BC}.Debug|x86.Build.0 = Debug|Win32
		{931D20AD-26A3-499B-811E-13470A51C9BC}.Release|x64.ActiveCfg = Release|x64
		{931D20AD-26A3-499B-811E-13470A51C9BC}.Release|x64.Build.0 = Release|x64
		{931D20AD-26A3-499B-811E-13470A51C9BC}.Release|x86.ActiveCfg = Release|Win32
		{931D20AD-26A3-499B-811E-13470A51C9BC}.Release|x86.Build.0 = Release|Win32
		{4EA69DE3-82F9-4613-859D-5AE1463C4D8A}.Debug|x64.ActiveCfg = Debug|x64
		{4EA69DE3-82F9-4613-859D-5AE1463C4D8A}.Debug|x64.Build.0 = Debug|x64
		{4EA69DE3-82F9-4613-859D-5AE1463C4D8A}.Debug|x86.ActiveCfg = Debug|Win32
		{4EA69DE3-82F9-4613-859D-5AE1463C4D8A}.Debug|x86.Build.0 = Debug|Win32
		{4EA69DE3-82F9-4613-859D-5AE1463C4D8A}.Release|x64.ActiveCfg = Release|x64
		{4EA69DE3-82F9-4613-859D-5AE1463C4D8A}.Release|x64.Build.0 = Release|x64
		{4EA69DE3-82F9-4613-859D-5AE1463C4D8A}.Release|x86.ActiveCfg = Release|Win32
		{4EA69DE3-82F9-4613-859D-5AE1463C4D8A}.Release|x86.Build.0 = Release|Win32
		{86408346-500C-43A6-9DEA-A5CA1B41C038}.Debug|x64.ActiveCfg = Debug|x64
		{86408346-500C-43A6-9DEA-A5CA1B41C038}.Debug|x64.Build.0 = Debug|x64
		{86408346-500C-43A6-9DEA-A5CA1B41C038}.Debug|x86.ActiveCfg = Debug|Win32
		{86408346-500C-43A6-9DEA-A5CA1B41C038}.Debug|x86.Build.0 = Debug|Win32
		{86408346-500C-43A6-9DEA-A5CA1B41C038}.Release|x64.ActiveCfg = Release|x64
		{86408346-500C-43A6-9DEA-A5CA1B41C038}.Release|x64.Build.0 = Release|x64
		{86408346-500C-43A6-9DEA-A5CA1B41C038}.Release|x86.ActiveCfg = Release|Win32
		{86408346-500C-43A6-9DEA-A5CA1B41C038}.Release|x86.Build.0 = Release|Win32
		{80CDAAC0-8ED2-4DA9-89FC-446BCBFB68D2}.Debug|x64.ActiveCfg = Debug|x64
		{80CDAAC0-8ED2-4DA9-89FC-446BCBFB68D2}.Debug|x64.Build.0 = Debug|x64
		{80CDAAC0-8ED2-4DA9-89FC-446BCBFB68D2}.Debug|x86.ActiveCfg = Debug|Win32
		{80CDAAC0-8ED2-4DA9-89FC-446BCBFB68D2}.Debug|x86.Build.0 = Debug|Win32
		{80CDAAC0-8ED2-4DA9-89FC-446BCBFB68D2}.Release|x64.ActiveCfg = Release|x64
		{80CDAAC0-8ED2-4DA9-89FC-446BCBFB68D2}.Release|x64.Build.0 = Release|x64
		{80CDAAC0-8ED2-4DA9-89FC-446BCBFB68D2}.Release|x86.ActiveCfg = Release|Win32
		{80CDAAC0-8ED2-4DA9-89FC-446BCBFB68D2}.Release|x86.Build.0 = Release|Win32
		{20E82EE2-1BCD-4BF3-90E8-ED76E09121E1}.Debug|x64.ActiveCfg = Debug|x64
		{20E82EE2-1BCD-4BF3-90E8-ED76E09121E1}.Debug|x64.Build.0 = Debug|x64
		{20E82EE2-1BCD-4BF3-90E8-ED76E09121E1}.Debug|x86.ActiveCfg = Debug|Win32
		{20E82EE2-1BCD-4BF3-90E8-ED76E09121E1}.Debug|x86.Build.0 = Debug|Win32
		{20E82EE2-1BCD-4BF3-90E8-ED76E09121E1}.Release|x64.ActiveCfg = Release|x64
		{20E82EE2-1BCD-4BF3-90E8-ED76E09121E1}.Release|x64.Build.0 = Release|x64
		{20E82EE2-1BCD-4BF3-90E8-ED76E09121E1}.Release|x86.ActiveCfg = Release|Win32
		{20E82EE2-1BCD-4BF3-90E8-ED76E09121E1}.Release|x86.Build.0 = Release|Win32
		{B2C6BE5C-446B-481F-B3F2-D1A0818A7321}.Debug|x64.ActiveCfg = Debug|x64
		{B2C6BE5C-446B-481F-B3F2-D1A0818A7321}.Debug|x64.Build.0 = Debug|x64
		{B2C6BE5C-446B-481F-B3F2-D1A0818A7321}.Debug|x86.ActiveCfg = Debug|Win32
		{B2C6BE5C-446B-481F-B3F2-D1A0818A7321}.Debug|x86.Build.0 = Debug|Win32
		{B2C6BE5C-446B-481F-B3F2-D1A0818A7321}.Release|x64.ActiveCfg = Release|x64
		{B2C6BE5C-446B-481F-B3F2-D1A0818A7321}.Release|x64.Build.0 = Release|x64
		{B2C6BE5C-446B-481F-B3F2-D1A0818A7321}.Release|x86.ActiveCfg = Release|Win32
		{B2C6BE5C-446B-481F-B3F2-D1A0818A7321}.Release|x86.Build.0 = Release|Win32
	EndGlobalSection
	GlobalSection(SolutionProperties) = preSolution
		HideSolutionNode = FALSE
	EndGlobalSection
	GlobalSection(ExtensibilityGlobals) = postSolution
		SolutionGuid = {A4D94DB7-CF54-4391-95AB-1E612FC4360E}
	EndGlobalSection
EndGlobal
